
Microsoft Visual Studio Solution File, Format Version 12.00
# Visual Studio for Mac
Project("{FAE04EC0-301F-11D3-BF4B-00C04F79EFBC}") = "lightblade", "lightblade.csproj", "{670E61B0-B77A-12BB-9F5B-7F9B0230EA0C}"
EndProject
Project("{FAE04EC0-301F-11D3-BF4B-00C04F79EFBC}") = "Oculus.VR", "Oculus.VR.csproj", "{ABAA9E89-904E-F248-9658-14F9444302C5}"
EndProject
Project("{FAE04EC0-301F-11D3-BF4B-00C04F79EFBC}") = "lightblade.Editor", "lightblade.Editor.csproj", "{A0AAE8E0-4648-EFFD-A970-AA746FD4DD53}"
EndProject
Project("{FAE04EC0-301F-11D3-BF4B-00C04F79EFBC}") = "Oculus.VR.Scripts.Editor", "Oculus.VR.Scripts.Editor.csproj", "{8DEDC9B6-1468-C3FB-4525-23AE84A2B54C}"
EndProject
Project("{FAE04EC0-301F-11D3-BF4B-00C04F79EFBC}") = "Oculus.VR.Editor", "Oculus.VR.Editor.csproj", "{9118B019-1FEF-914B-7CA9-E544A3C6DF5C}"
EndProject
Global
	GlobalSection(SolutionConfigurationPlatforms) = preSolution
		Debug|Any CPU = Debug|Any CPU
		Release|Any CPU = Release|Any CPU
	EndGlobalSection
	GlobalSection(ProjectConfigurationPlatforms) = postSolution
		{670E61B0-B77A-12BB-9F5B-7F9B0230EA0C}.Debug|Any CPU.ActiveCfg = Debug|Any CPU
		{670E61B0-B77A-12BB-9F5B-7F9B0230EA0C}.Debug|Any CPU.Build.0 = Debug|Any CPU
		{670E61B0-B77A-12BB-9F5B-7F9B0230EA0C}.Release|Any CPU.ActiveCfg = Release|Any CPU
		{670E61B0-B77A-12BB-9F5B-7F9B0230EA0C}.Release|Any CPU.Build.0 = Release|Any CPU
		{ABAA9E89-904E-F248-9658-14F9444302C5}.Debug|Any CPU.ActiveCfg = Debug|Any CPU
		{ABAA9E89-904E-F248-9658-14F9444302C5}.Debug|Any CPU.Build.0 = Debug|Any CPU
		{ABAA9E89-904E-F248-9658-14F9444302C5}.Release|Any CPU.ActiveCfg = Release|Any CPU
		{ABAA9E89-904E-F248-9658-14F9444302C5}.Release|Any CPU.Build.0 = Release|Any CPU
		{A0AAE8E0-4648-EFFD-A970-AA746FD4DD53}.Debug|Any CPU.ActiveCfg = Debug|Any CPU
		{A0AAE8E0-4648-EFFD-A970-AA746FD4DD53}.Debug|Any CPU.Build.0 = Debug|Any CPU
		{A0AAE8E0-4648-EFFD-A970-AA746FD4DD53}.Release|Any CPU.ActiveCfg = Release|Any CPU
		{A0AAE8E0-4648-EFFD-A970-AA746FD4DD53}.Release|Any CPU.Build.0 = Release|Any CPU
		{8DEDC9B6-1468-C3FB-4525-23AE84A2B54C}.Debug|Any CPU.ActiveCfg = Debug|Any CPU
		{8DEDC9B6-1468-C3FB-4525-23AE84A2B54C}.Debug|Any CPU.Build.0 = Debug|Any CPU
		{8DEDC9B6-1468-C3FB-4525-23AE84A2B54C}.Release|Any CPU.ActiveCfg = Release|Any CPU
		{8DEDC9B6-1468-C3FB-4525-23AE84A2B54C}.Release|Any CPU.Build.0 = Release|Any CPU
		{9118B019-1FEF-914B-7CA9-E544A3C6DF5C}.Debug|Any CPU.ActiveCfg = Debug|Any CPU
		{9118B019-1FEF-914B-7CA9-E544A3C6DF5C}.Debug|Any CPU.Build.0 = Debug|Any CPU
		{9118B019-1FEF-914B-7CA9-E544A3C6DF5C}.Release|Any CPU.ActiveCfg = Release|Any CPU
		{9118B019-1FEF-914B-7CA9-E544A3C6DF5C}.Release|Any CPU.Build.0 = Release|Any CPU
	EndGlobalSection
	GlobalSection(SolutionProperties) = preSolution
		HideSolutionNode = FALSE
	EndGlobalSection
	GlobalSection(MonoDevelopProperties) = preSolution
		StartupItem = Assembly-CSharp.csproj
	EndGlobalSection
EndGlobal
